# This file is autogenerated, do not edit; changes may be undone by the next 'dep ensure'.


[[projects]]
  digest = "1:753470f0f21d2482b86734111a485dc5eb03c0824e403a48303c87a1ce31affa"
  name = "github.com/Shopify/sarama"
  packages = [
    ".",
    "mocks",
  ]
  pruneopts = ""
  revision = "f7be6aa2bc7b2e38edf816b08b582782194a1c02"
  version = "v1.16.0"

[[projects]]
  digest = "1:4ba71710cc4ea88159e9223f9e5679704bf51e458ef9d073c83f407c042d7974"
  name = "github.com/aws/aws-sdk-go"
  packages = [
    "aws",
    "aws/awserr",
    "aws/awsutil",
    "aws/client",
    "aws/client/metadata",
    "aws/corehandlers",
    "aws/credentials",
    "aws/credentials/ec2rolecreds",
    "aws/credentials/endpointcreds",
    "aws/credentials/stscreds",
    "aws/defaults",
    "aws/ec2metadata",
    "aws/endpoints",
    "aws/request",
    "aws/session",
    "aws/signer/v4",
    "internal/sdkrand",
    "internal/shareddefaults",
    "private/protocol",
    "private/protocol/ec2query",
    "private/protocol/query",
    "private/protocol/query/queryutil",
    "private/protocol/rest",
    "private/protocol/xml/xmlutil",
    "service/ec2",
    "service/sts",
  ]
  pruneopts = ""
  revision = "9a79087b1148376f4dd860c188c948479e2def3b"
  version = "v1.13.7"

[[projects]]
  branch = "master"
  digest = "1:0c5485088ce274fac2e931c1b979f2619345097b39d91af3239977114adf0320"
  name = "github.com/beorn7/perks"
  packages = ["quantile"]
  pruneopts = ""
  revision = "4c0e84591b9aa9e6dcfdf3e020114cd81f89d5f9"

[[projects]]
  digest = "1:e157d8901f8fd8d15e29f0e28a496ec2fb7038623cbe76b71f60d8390bfefbdb"
  name = "github.com/brocaar/lora-gateway-bridge"
  packages = ["gateway"]
  pruneopts = ""
  revision = "556f311044d44539844a62ebf379a7a0f6722859"
  version = "2.2.0"

[[projects]]
  digest = "1:b761aa9b6ae4d251bc4f002d496220f0739d05d41496adae20a8b6d34a6cab71"
  name = "github.com/brocaar/loraserver"
  packages = ["api/gw"]
  pruneopts = ""
  revision = "dd62cc03ad4716b8db58b7c37164079c2393a646"
  version = "0.24.3"

[[projects]]
  branch = "master"
  digest = "1:e5d881d697b59be7e568185788db082cd2de5594aadbe73ab3b7ea815b0073e4"
  name = "github.com/brocaar/lorawan"
  packages = [
    ".",
    "band",
  ]
  pruneopts = ""
  revision = "33b2e190da53e7b9b86eaad3ba9916c4e866f042"

[[projects]]
  digest = "1:56c130d885a4aacae1dd9c7b71cfe39912c7ebc1ff7d2b46083c8812996dc43b"
  name = "github.com/davecgh/go-spew"
  packages = ["spew"]
  pruneopts = ""
  revision = "346938d642f2ec3594ed81d874461961cd0faa76"
  version = "v1.1.0"

[[projects]]
  digest = "1:f714fa0ab4449a2fe13d156446ac1c1e16bc85334e9be320d42bf8bee362ba45"
  name = "github.com/eapache/go-resiliency"
  packages = ["breaker"]
  pruneopts = ""
  revision = "6800482f2c813e689c88b7ed3282262385011890"
  version = "v1.0.0"

[[projects]]
  branch = "master"
  digest = "1:1f7503fa58a852a1416556ae2ddb219b49a1304fd408391948e2e3676514c48d"
  name = "github.com/eapache/go-xerial-snappy"
  packages = ["."]
  pruneopts = ""
  revision = "bb955e01b9346ac19dc29eb16586c90ded99a98c"

[[projects]]
  digest = "1:d8d46d21073d0f65daf1740ebf4629c65e04bf92e14ce93c2201e8624843c3d3"
  name = "github.com/eapache/queue"
  packages = ["."]
  pruneopts = ""
  revision = "44cc805cf13205b55f69e14bcb69867d1ae92f98"
  version = "v1.1.0"

[[projects]]
  branch = "master"
  digest = "1:c370b7d83733b27a9374e659d94b5079f9f758013d089d40aac0491dbe6a749c"
  name = "github.com/eclipse/paho.mqtt.golang"
  packages = [
    ".",
    "packets",
  ]
  pruneopts = ""
  revision = "b01d90bf326f7cf67915b70d48140961284e5c01"

[[projects]]
  digest = "1:a00483fe4106b86fb1187a92b5cf6915c85f294ed4c129ccbe7cb1f1a06abd46"
  name = "github.com/go-ini/ini"
  packages = ["."]
  pruneopts = ""
  revision = "32e4c1e6bc4e7d0d8451aa6b75200d19e37a536a"
  version = "v1.32.0"

[[projects]]
  branch = "master"
  digest = "1:f4aff6d33e1a2c27884e53c10a050ffb3c34fc74f161b2533b314abff4e1fc9f"
  name = "github.com/golang/protobuf"
  packages = [
    "proto",
    "ptypes",
    "ptypes/any",
    "ptypes/duration",
    "ptypes/timestamp",
  ]
  pruneopts = ""
  revision = "bbd03ef6da3a115852eaf24c8a1c46aeb39aa175"

[[projects]]
  branch = "master"
  digest = "1:09307dfb1aa3f49a2bf869dcfa4c6c06ecd3c207221bd1c1a1141f0e51f209eb"
  name = "github.com/golang/snappy"
  packages = ["."]
  pruneopts = ""
  revision = "553a641470496b2327abcac10b36396bd98e45c9"

[[projects]]
  digest = "1:c1d7e883c50a26ea34019320d8ae40fad86c9e5d56e63a1ba2cb618cef43e986"
  name = "github.com/google/uuid"
  packages = ["."]
  pruneopts = ""
  revision = "064e2069ce9c359c118179501254f67d7d37ba24"
  version = "0.2"

[[projects]]
  branch = "master"
  digest = "1:8081714c05bd6fc7eb0d7994b2b2c00ab2ee0f9204b3267ec9147325c2abc428"
  name = "github.com/jacobsa/crypto"
  packages = [
    "cmac",
    "common",
  ]
  pruneopts = ""
  revision = "c73681c634de898c869684602cf0c0d2ce938c4d"

[[projects]]
  digest = "1:6f49eae0c1e5dab1dafafee34b207aeb7a42303105960944828c2079b92fc88e"
  name = "github.com/jmespath/go-jmespath"
  packages = ["."]
  pruneopts = ""
  revision = "0b12d6b5"

[[projects]]
  digest = "1:4c23ced97a470b17d9ffd788310502a077b9c1f60221a85563e49696276b4147"
  name = "github.com/matttproud/golang_protobuf_extensions"
  packages = ["pbutil"]
  pruneopts = ""
  revision = "3247c84500bff8d9fb6d579d800f20b3e091582c"
  version = "v1.0.0"

[[projects]]
  digest = "1:52b8f1dc01c8a930900aa94e227b0c4c36e7102a5b124687ff1f88a221590234"
  name = "github.com/pierrec/lz4"
  packages = ["."]
  pruneopts = ""
  revision = "2fcda4cb7018ce05a25959d2fe08c83e3329f169"
  version = "v1.1"

[[projects]]
  digest = "1:ff95a6c61f34f32e57833783059c80274d84e9c74e6e315c3dc2e93e9bf3dab9"
  name = "github.com/pierrec/xxHash"
  packages = ["xxHash32"]
  pruneopts = ""
  revision = "f051bb7f1d1aaf1b5a665d74fb6b0217712c69f7"
  version = "v0.1.1"

[[projects]]
  digest = "1:2f69dc6b2685b31a1a410ef697410aa8a669704fb201d45dbd8c1911728afa75"
  name = "github.com/prometheus/client_golang"
  packages = [
    "api",
    "api/prometheus/v1",
    "prometheus",
    "prometheus/promhttp",
  ]
  pruneopts = ""
  revision = "967789050ba94deca04a5e84cce8ad472ce313c1"
  version = "v0.9.0-pre1"

[[projects]]
  branch = "master"
  digest = "1:60aca47f4eeeb972f1b9da7e7db51dee15ff6c59f7b401c1588b8e6771ba15ef"
  name = "github.com/prometheus/client_model"
  packages = ["go"]
  pruneopts = ""
  revision = "99fa1f4be8e564e8a6b613da7fa6f46c9edafc6c"

[[projects]]
  branch = "master"
  digest = "1:86c424e0b0ebe4e56db0fc40675e112af95b459c490950dc9cfd2a7a7de11d5e"
  name = "github.com/prometheus/common"
  packages = [
    "expfmt",
    "internal/bitbucket.org/ww/goautoneg",
    "model",
  ]
  pruneopts = ""
  revision = "6fb6fce6f8b75884b92e1889c150403fc0872c5e"

[[projects]]
  branch = "master"
  digest = "1:3613d8bc8ae469202044a2eea96340d17488c3ad0371320be3d1a1a4fe8362b1"
  name = "github.com/prometheus/procfs"
  packages = [
    ".",
    "internal/util",
    "nfs",
    "xfs",
  ]
  pruneopts = ""
  revision = "d274e363d5759d1c916232217be421f1cc89c5fe"

[[projects]]
  branch = "master"
  digest = "1:b735d1c7f79d73bbbec30d4874ef521e0f02b73f7394d5daa527747ac367df5c"
  name = "github.com/rcrowley/go-metrics"
  packages = ["."]
  pruneopts = ""
  revision = "8732c616f52954686704c8645fe1a9d59e9df7c1"

[[projects]]
  digest = "1:42a42c4bc67bed17f40fddf0f24d4403e25e7b96488456cf4248e6d16659d370"
  name = "github.com/sirupsen/logrus"
  packages = ["."]
  pruneopts = ""
  revision = "d682213848ed68c0a260ca37d6dd5ace8423f5ba"
  version = "v1.0.4"

[[projects]]
  branch = "master"
  digest = "1:79b763a59bc081a752605854f75ac04d4b8fba22bab9bbb11689efd2de255864"
  name = "golang.org/x/crypto"
  packages = ["ssh/terminal"]
  pruneopts = ""
  revision = "91a49db82a88618983a78a06c1cbd4e00ab749ab"

[[projects]]
  branch = "master"
  digest = "1:b4ba046df563f56fe42b6270b20039107a37e1ab47c97aa47a16f848aa5b6d9a"
  name = "golang.org/x/net"
  packages = [
    "context",
    "http2",
    "http2/hpack",
    "idna",
    "internal/timeseries",
    "lex/httplex",
    "proxy",
    "trace",
    "websocket",
  ]
  pruneopts = ""
  revision = "cbe0f9307d0156177f9dd5dc85da1a31abc5f2fb"

[[projects]]
  branch = "master"
  digest = "1:2bd48c7cfcd6552db9102db13b6ccedfee87b7acadbe6f6c927f230eddba8505"
  name = "golang.org/x/sys"
  packages = [
    "unix",
    "windows",
  ]
  pruneopts = ""
  revision = "f6cff0780e542efa0c8e864dc8fa522808f6a598"

[[projects]]
  digest = "1:5acd3512b047305d49e8763eef7ba423901e85d5dd2fd1e71778a0ea8de10bd4"
  name = "golang.org/x/text"
  packages = [
    "collate",
    "collate/build",
    "internal/colltab",
    "internal/gen",
    "internal/tag",
    "internal/triegen",
    "internal/ucd",
    "language",
    "secure/bidirule",
    "transform",
    "unicode/bidi",
    "unicode/cldr",
    "unicode/norm",
    "unicode/rangetable",
  ]
  pruneopts = ""
  revision = "f21a4dfb5e38f5895301dc265a8def02365cc3d0"
  version = "v0.3.0"

[[projects]]
  branch = "master"
  digest = "1:56b2f1a9cab9f98f28d976231bf76103f54826002eb8b1d4b7d29c1136efbb6b"
  name = "google.golang.org/genproto"
  packages = ["googleapis/rpc/status"]
  pruneopts = ""
  revision = "2d9486acae19cf9bd0c093d7dc236a323726a9e4"

[[projects]]
  digest = "1:d2dc833c73202298c92b63a7e180e2b007b5a3c3c763e3b9fe1da249b5c7f5b9"
  name = "google.golang.org/grpc"
  packages = [
    ".",
    "balancer",
    "balancer/base",
    "balancer/roundrobin",
    "codes",
    "connectivity",
    "credentials",
    "encoding",
    "encoding/proto",
    "grpclb/grpc_lb_v1/messages",
    "grpclog",
    "internal",
    "keepalive",
    "metadata",
    "naming",
    "peer",
    "resolver",
    "resolver/dns",
    "resolver/passthrough",
    "stats",
    "status",
    "tap",
    "transport",
  ]
  pruneopts = ""
  revision = "8e4536a86ab602859c20df5ebfd0bd4228d08655"
  version = "v1.10.0"

[solve-meta]
  analyzer-name = "dep"
  analyzer-version = 1
  input-imports = [
    "github.com/Shopify/sarama",
    "github.com/Shopify/sarama/mocks",
    "github.com/aws/aws-sdk-go/aws",
    "github.com/aws/aws-sdk-go/aws/session",
    "github.com/aws/aws-sdk-go/service/ec2",
    "github.com/brocaar/lora-gateway-bridge/gateway",
    "github.com/brocaar/lorawan",
    "github.com/eclipse/paho.mqtt.golang",
    "github.com/google/uuid",
    "github.com/prometheus/client_golang/api",
    "github.com/prometheus/client_golang/api/prometheus/v1",
    "github.com/prometheus/client_golang/prometheus",
    "github.com/prometheus/client_golang/prometheus/promhttp",
    "github.com/prometheus/client_model/go",
    "github.com/prometheus/common/model",
    "github.com/sirupsen/logrus",
    "golang.org/x/net/context",
  ]
  solver-name = "gps-cdcl"
  solver-version = 1
